cloud.google.com/go v0.34.0/go.mod h1:aQUYkXzVsufM+DwF1aE+0xfcU+56JwCaLick0ClmMTw=
github.com/504dev/go-kidlog v0.0.0-20200205152417-03024b70c741/go.mod h1:XIRDn17bvv0qZGPBlUaURfi8t8MgGUZRusqk3Ul04AU=
github.com/504dev/go-kidlog v0.0.3/go.mod h1:YSOrRJ+2dLbTRdlKGN95ct0vpFnUANctDHyNvZGHitA=
github.com/504dev/go-kidlog v0.0.7/go.mod h1:jC13wj+YVVEcemIM6W1k7vAMy6Lc6NA779ZB4hplGPM=
github.com/504dev/go-kidlog v0.0.10/go.mod h1:UZmHY2KU98ci4BDCylTzL3WOXNhCjhRX4ghv9aUmIIU=
github.com/504dev/go-kidlog v0.0.12/go.mod h1:qNGx015H0f6vjrym0x8y+k/3LkzHcmbQ0UQKIB8ObH4=
github.com/504dev/go-kidlog v0.0.18/go.mod h1:T5/Qgvt+v/5dUSf0j39JXeXzifLUrQlEunCfXcs7Qlg=
github.com/504dev/go-kidlog v0.0.19/go.mod h1:VUnDA92rwQH6luglH+EEoY7nJoyTEbHi/DWa9BzqZq4=
github.com/504dev/go-kidlog v0.0.20/go.mod h1:6k134LhA1FoMfdt3gNdyGtMS+O/64yXjyOUv0Opb28c=
github.com/504dev/kidlog v0.0.0-20200208131113-85d3572e21f4/go.mod h1:UW/jzcZtWX8wKpCJb0BPoDrNB/kgF7bL/Zr0jYdeo6Y=
github.com/504dev/kidlog v0.0.0-20200211235155-f84eb704545c/go.mod h1:fJxClzhV8pWjK7sq4w4YGk90e8NSDe5ulpmAdeehlfU=
github.com/504dev/kidlog v0.0.0-20200301193507-a1d9ad398fbc/go.mod h1:dIc6rgZOzd+EgkBlDvEohjvKJCuNSNhCnauNnwh+kg4=
github.com/504dev/kidlog v0.0.0-20200309105734-63efca155bc5/go.mod h1:nniEiVsKtAH6wsOUGYPb0myO0jBCNEJlfJT7IEWF8Fg=
github.com/504dev/kidlog v0.0.0-20200310221912-068fba77ac38/go.mod h1:FtG3eGQYc0efGoUALlfPfCmWeDD7hNrWW0Pif/THotI=
github.com/504dev/kidlog v0.0.0-20200312205506-4ff084d75afd/go.mod h1:GCmgr1KPm72+TfcsXtjA2uesNwKAWYMmSc88fvAL/Gk=
github.com/504dev/kidlog v0.0.0-20200312223824-fead4172f862/go.mod h1:squoiOi+FDjVWhaH61ppwJDSm0enwRUiicdilRTQZ2A=
github.com/504dev/kidlog v0.0.0-20200313090716-e2776b9d5a04/go.mod h1:FY58H0Ydc/QnBZqiVJ9frkqkzCSjOOBfL8CTpDvSmDA=
github.com/504dev/kidlog v0.0.0-20200313221337-e1ebab884b48/go.mod h1:vLIgZa0f7SCv7i0KaMuCNTMyhSxBILOflfyxtoEtwqU=
github.com/504dev/kidlog v0.0.2/go.mod h1:svVaUhfhXYie9uI5OdkXDYjGEGEUPvfp9kvIpvf2c1c=
github.com/504dev/kidlog v0.0.3/go.mod h1:kFYo5g+i3V7a2zG0SB6mG/5t0Px5vfA/yL3Ko+maeOo=
github.com/504dev/kidlog v0.0.5/go.mod h1:kFYo5g+i3V7a2zG0SB6mG/5t0Px5vfA/yL3Ko+maeOo=
github.com/504dev/kidlog v0.0.6/go.mod h1:xz8QfHBnSPGBT7B1wJpQc+vlt2+13m348xshUtqYqDs=
github.com/504dev/logr-go-client v0.0.0-20200205152417-03024b70c741 h1:BkmJPi68SL0ULhrNjVXfNE24zNGKIU9x2b5xx37ugns=
github.com/504dev/logr-go-client v0.0.0-20200205152417-03024b70c741/go.mod h1:XIRDn17bvv0qZGPBlUaURfi8t8MgGUZRusqk3Ul04AU=
github.com/504dev/logr-go-client v0.0.1 h1:nKSsL33mCWpW/9fG01cu3IzR2lhgagHQgIIaqzFxahs=
github.com/504dev/logr-go-client v0.0.1/go.mod h1:YSOrRJ+2dLbTRdlKGN95ct0vpFnUANctDHyNvZGHitA=
github.com/504dev/logr-go-client v0.0.2 h1:WiQVnCyvBECgRGVji/ZG0ZffECQlThjwY9BnnyQs5V8=
github.com/504dev/logr-go-client v0.0.2/go.mod h1:YSOrRJ+2dLbTRdlKGN95ct0vpFnUANctDHyNvZGHitA=
github.com/504dev/logr-go-client v0.0.3 h1:izWsdT39yYHM+CHQZePEgaAlhH1OQikTBcYoX23DMRQ=
github.com/504dev/logr-go-client v0.0.3/go.mod h1:YSOrRJ+2dLbTRdlKGN95ct0vpFnUANctDHyNvZGHitA=
github.com/504dev/logr-go-client v0.0.4 h1:MC+dKt01+YwGX5kVd+T12KxWme4Ve1SpAKC2macMQqw=
github.com/504dev/logr-go-client v0.0.4/go.mod h1:YSOrRJ+2dLbTRdlKGN95ct0vpFnUANctDHyNvZGHitA=
github.com/504dev/logr-go-client v0.0.5 h1:E1Zj4M5rT64CuMQwEP3LsrfhFgL3CznF4A+QXZIStW8=
github.com/504dev/logr-go-client v0.0.5/go.mod h1:jC13wj+YVVEcemIM6W1k7vAMy6Lc6NA779ZB4hplGPM=
github.com/504dev/logr-go-client v0.0.7 h1:3yD9oJ4+FXmm4Tq7MWkRWvbTCDNyRMKQbZk/i9F3K6o=
github.com/504dev/logr-go-client v0.0.7/go.mod h1:jC13wj+YVVEcemIM6W1k7vAMy6Lc6NA779ZB4hplGPM=
github.com/504dev/logr-go-client v0.0.8 h1:JF3MPIntuX7l2B92Ip/7DWiR9+ioCnQHbf9Wqov1wik=
github.com/504dev/logr-go-client v0.0.8/go.mod h1:UZmHY2KU98ci4BDCylTzL3WOXNhCjhRX4ghv9aUmIIU=
github.com/504dev/logr-go-client v0.0.9 h1:ybLjBChV3hYB3I7A/oDsLBY8KeDxE7SEqwB9dteVMtg=
github.com/504dev/logr-go-client v0.0.9/go.mod h1:UZmHY2KU98ci4BDCylTzL3WOXNhCjhRX4ghv9aUmIIU=
github.com/504dev/logr-go-client v0.0.10 h1:Cp5ofDSFuqjhY2uPVgvKm26PrcI1TU7z0h2npehDEaQ=
github.com/504dev/logr-go-client v0.0.10/go.mod h1:UZmHY2KU98ci4BDCylTzL3WOXNhCjhRX4ghv9aUmIIU=
github.com/504dev/logr-go-client v0.0.11 h1:QtNVWWY8YiGLA8xpSaAMp/6ayeIOHjaNUKqE98nkZxg=
github.com/504dev/logr-go-client v0.0.11/go.mod h1:UZmHY2KU98ci4BDCylTzL3WOXNhCjhRX4ghv9aUmIIU=
github.com/504dev/logr-go-client v0.0.12 h1:+U1Gxjcpae+JwXUE1OchzSeVIH4WOvnEycOWTfZmSgU=
github.com/504dev/logr-go-client v0.0.12/go.mod h1:qNGx015H0f6vjrym0x8y+k/3LkzHcmbQ0UQKIB8ObH4=
github.com/504dev/logr-go-client v0.0.14 h1:eQphMrEYTNAc3NpoZ/xo2o9aTGJiu31kaFz0Hosz77w=
github.com/504dev/logr-go-client v0.0.14/go.mod h1:T5/Qgvt+v/5dUSf0j39JXeXzifLUrQlEunCfXcs7Qlg=
github.com/504dev/logr-go-client v0.0.15 h1:Tm74jjkWlga5WR8DhjVk0Lgi2ZAAEX+tgRwS5CllpWQ=
github.com/504dev/logr-go-client v0.0.15/go.mod h1:T5/Qgvt+v/5dUSf0j39JXeXzifLUrQlEunCfXcs7Qlg=
github.com/504dev/logr-go-client v0.0.17 h1:9/STRbdX5cOHeWJN0TraTqdAdgheRIr1HkSsU1UHykk=
github.com/504dev/logr-go-client v0.0.17/go.mod h1:T5/Qgvt+v/5dUSf0j39JXeXzifLUrQlEunCfXcs7Qlg=
github.com/504dev/logr-go-client v0.0.18 h1:Vlegb8wqJJbwhgPTQZMA9JDRNba6PvcSAl625MyNsxE=
github.com/504dev/logr-go-client v0.0.18/go.mod h1:T5/Qgvt+v/5dUSf0j39JXeXzifLUrQlEunCfXcs7Qlg=
github.com/504dev/logr-go-client v0.0.19 h1:iuV9fIPvuNL+EAY6uGV3IommIyaEW4MlqZOnZuIJXAI=
github.com/504dev/logr-go-client v0.0.19/go.mod h1:VUnDA92rwQH6luglH+EEoY7nJoyTEbHi/DWa9BzqZq4=
github.com/504dev/logr-go-client v0.0.20 h1:ZVHOaVHcTIrY7VGBnhr69OBGSm8bEAFV4UWcyYh6KiU=
github.com/504dev/logr-go-client v0.0.20/go.mod h1:6k134LhA1FoMfdt3gNdyGtMS+O/64yXjyOUv0Opb28c=
github.com/504dev/logr-go-client v0.0.21 h1:G1n2nPYi88YFVv7acwfcTyj4PDGB+YlK+4fZV0li9uY=
github.com/504dev/logr-go-client v0.0.21/go.mod h1:4zqoXIfiDc6aX7ciWrGd2gFIKkJNjkeC/yam6BMuUCc=
github.com/504dev/logr-go-client v0.0.22 h1:V34vAOgVBs8JkYRsmR+yoiIrkkjyNzkYexNm27ds94k=
github.com/504dev/logr-go-client v0.0.22/go.mod h1:7z5SEZDcTjhYg+SC3X/iBnfGdJNmtvHpmzRqsHLMi4Q=
github.com/504dev/logr-go-client v0.0.23 h1:aDDNsOI2z5EuIgpSAenYcxiWJ0aX/XA1Z9HIc9PmAz0=
github.com/504dev/logr-go-client v0.0.23/go.mod h1:oJrc/FVe713VZ1WfQYRYGpmHSUNFC4LLEV/8kRlaqek=
github.com/504dev/logr-go-client v0.0.24 h1:QJtkpNwYsMCTUkvgICeIy4XTegfzz45eMXCcknBV+5M=
github.com/504dev/logr-go-client v0.0.24/go.mod h1:oJrc/FVe713VZ1WfQYRYGpmHSUNFC4LLEV/8kRlaqek=
github.com/504dev/logr-go-client v0.0.25 h1:C4bnJmFGnGqFc+duudlg2je3dx9jwyLWbJ5MPVaRNSU=
github.com/504dev/logr-go-client v0.0.25/go.mod h1:oJrc/FVe713VZ1WfQYRYGpmHSUNFC4LLEV/8kRlaqek=
github.com/504dev/logr-go-client v0.0.32 h1:M/J2gGYN2wA0KU7quq+XThGhPKCDInn+T4e/XjH3ZK8=
github.com/504dev/logr-go-client v0.0.32/go.mod h1:oJrc/FVe713VZ1WfQYRYGpmHSUNFC4LLEV/8kRlaqek=
github.com/504dev/logr-go-client v0.0.34 h1:PyotzMfrXuQ4a55r5+T8hUSfVhuLA0TKoaU3klkwah4=
github.com/504dev/logr-go-client v0.0.34/go.mod h1:zVv5mS5gA6O2Jt/7iF94KIlPjlP8D3BEST6k1cc1LmY=
github.com/504dev/logr-go-client v0.0.36 h1:dH+1uwB1YjSHy737W15RI3VXolP4dcG05m50YXLKBhE=
github.com/504dev/logr-go-client v0.0.36/go.mod h1:fkRjLrVs4Bgn4Fw7KIP+oS4zb0HVi1FbX1nWpWDMxHw=
github.com/504dev/logr-go-client v0.0.37 h1:yTT8fkEouhj5p+TjrOfIJRgmIbuZqr2Y9BEmqWbAu3s=
github.com/504dev/logr-go-client v0.0.37/go.mod h1:G22IM9sDgANNkxR7uL3VACpwxRRG8B3s3LrUtqzIKng=
github.com/504dev/logr-go-client v0.0.39/go.mod h1:+aOvsLLKZWi2PQgbwVU5zbG0Gl8rLXEWI4riPOw0+zA=
github.com/ClickHouse/clickhouse-go v1.3.12 h1:HvD2NhKPLSeO3Ots6YV0ePgs4l3wO0bLqa9Uk1yeMOs=
github.com/ClickHouse/clickhouse-go v1.3.12/go.mod h1:EaI/sW7Azgz9UATzd5ZdZHRUhHgv5+JMS9NSr2smCJI=
github.com/allegro/bigcache v1.2.1 h1:hg1sY1raCwic3Vnsvje6TT7/pnZba83LeFck5NrFKSc=
github.com/allegro/bigcache v1.2.1/go.mod h1:Cb/ax3seSYIx7SuZdm2G2xzfwmv3TPSk2ucNfQESPXM=
github.com/bkaradzic/go-lz4 v1.0.0/go.mod h1:0YdlkowM3VswSROI7qDxhRvJ3sLhlFrRRwjwegp5jy4=
github.com/cloudflare/golz4 v0.0.0-20150217214814-ef862a3cdc58 h1:F1EaeKL/ta07PY/k9Os/UFtwERei2/XzGemhpGnBKNg=
github.com/cloudflare/golz4 v0.0.0-20150217214814-ef862a3cdc58/go.mod h1:EOBUe0h4xcZ5GoxqC5SDxFQ8gwyZPKQoEzownBlhI80=
github.com/davecgh/go-spew v1.1.0/go.mod h1:J7Y8YcW2NihsgmVo/mv3lAwl/skON4iLHjSsI+c5H38=
github.com/davecgh/go-spew v1.1.1/go.mod h1:J7Y8YcW2NihsgmVo/mv3lAwl/skON4iLHjSsI+c5H38=
github.com/dgrijalva/jwt-go v3.2.0+incompatible h1:7qlOGliEKZXTDg6OTjfoBKDXWrumCAMpl/TFQ4/5kLM=
github.com/dgrijalva/jwt-go v3.2.0+incompatible/go.mod h1:E3ru+11k8xSBh+hMPgOLZmtrrCbhqsmaPHjLKYnJCaQ=
github.com/fatih/color v1.9.0 h1:8xPHl4/q1VyqGIPif1F+1V3Y3lSmrq01EabUW3CoW5s=
github.com/fatih/color v1.9.0/go.mod h1:eQcE1qtQxscV5RaZvpXrrb8Drkc3/DdQ+uUYCNjL+zU=
github.com/gin-contrib/cors v1.3.0 h1:PolezCc89peu+NgkIWt9OB01Kbzt6IP0J/JvkG6xxlg=
github.com/gin-contrib/cors v1.3.0/go.mod h1:artPvLlhkF7oG06nK8v3U8TNz6IeX+w1uzCSEId5/Vc=
github.com/gin-contrib/sse v0.0.0-20190301062529-5545eab6dad3 h1:t8FVkw33L+wilf2QiWkw0UV77qRpcH/JHPKGpKa2E8g=
github.com/gin-contrib/sse v0.0.0-20190301062529-5545eab6dad3/go.mod h1:VJ0WA2NBN22VlZ2dKZQPAPnyWw5XTlK1KymzLKsr59s=
github.com/gin-gonic/gin v1.4.0 h1:3tMoCCfM7ppqsR0ptz/wi1impNpT7/9wQtMZ8lr1mCQ=
github.com/gin-gonic/gin v1.4.0/go.mod h1:OW2EZn3DO8Ln9oIKOvM++LBO+5UPHJJDH72/q/3rZdM=
github.com/go-sql-driver/mysql v1.4.0 h1:7LxgVwFb2hIQtMm87NdgAVfXjnt4OePseqT1tKx+opk=
github.com/go-sql-driver/mysql v1.4.0/go.mod h1:zAC/RDZ24gD3HViQzih4MyKcchzm+sOG5ZlKdlhCg5w=
github.com/golang/protobuf v1.2.0/go.mod h1:6lQm79b+lXiMfvg/cZm0SGofjICqVBUtrP5yJMmIC1U=
github.com/golang/protobuf v1.3.1 h1:YF8+flBXS5eO826T4nzqPrxfhQThhXl0YzfuUPu4SBg=
github.com/golang/protobuf v1.3.1/go.mod h1:6lQm79b+lXiMfvg/cZm0SGofjICqVBUtrP5yJMmIC1U=
github.com/golang/protobuf v1.3.2 h1:6nsPYzhq5kReh6QImI3k5qWzO4PEbvbIW2cwSfR/6xs=
github.com/golang/protobuf v1.3.2/go.mod h1:6lQm79b+lXiMfvg/cZm0SGofjICqVBUtrP5yJMmIC1U=
github.com/google/go-github v17.0.0+incompatible h1:N0LgJ1j65A7kfXrZnUDaYCs/Sf4rEjNlfyDHW9dolSY=
github.com/google/go-github/v29 v29.0.2 h1:opYN6Wc7DOz7Ku3Oh4l7prmkOMwEcQxpFtxdU8N8Pts=
github.com/google/go-github/v29 v29.0.2/go.mod h1:CHKiKKPHJ0REzfwc14QMklvtHwCveD0PxlMjLlzAM5E=
github.com/google/go-querystring v1.0.0 h1:Xkwi/a1rcvNg1PPYe5vI8GbeBY/jrVuDX5ASuANWTrk=
github.com/google/go-querystring v1.0.0/go.mod h1:odCYkC5MyYFN7vkCjXpyrEuKhc/BUO6wN/zVPAxq5ck=
github.com/jmoiron/sqlx v1.2.0 h1:41Ip0zITnmWNR/vHV+S4m+VoUivnWY5E4OJfLZjCJMA=
github.com/jmoiron/sqlx v1.2.0/go.mod h1:1FEQNm3xlJgrMD+FBdI9+xvCksHtbpVBBw5dYhBSsks=
github.com/json-iterator/go v1.1.6 h1:MrUvLMLTMxbqFJ9kzlvat/rYZqZnW3u4wkLzWTaFwKs=
github.com/json-iterator/go v1.1.6/go.mod h1:+SdeFBvtyEkXs7REEP0seUULqWtbJapLOCVDaaPEHmU=
github.com/kr/pretty v0.1.0/go.mod h1:dAy3ld7l9f0ibDNOQOHHMYYIIbhfbHSm3C4ZsoJORNo=
github.com/kr/pty v1.1.1/go.mod h1:pFQYn66WHrOpPYNljwOMqo10TkYh1fy3cYio2l3bCsQ=
github.com/kr/text v0.1.0/go.mod h1:4Jbv+DJW3UT/LiOwJeYQe1efqtUx/iVham/4vfdArNI=
github.com/lib/pq v1.0.0/go.mod h1:5WUZQaWbwv1U+lTReE5YruASi9Al49XbQIvNi/34Woo=
github.com/mattn/go-colorable v0.1.4 h1:snbPLB8fVfU9iwbbo30TPtbLRzwWu6aJS6Xh4eaaviA=
github.com/mattn/go-colorable v0.1.4/go.mod h1:U0ppj6V5qS13XJ6of8GYAs25YV2eR4EVcfRqFIhoBtE=
github.com/mattn/go-isatty v0.0.7 h1:UvyT9uN+3r7yLEYSlJsbQGdsaB/a0DlgWP3pql6iwOc=
github.com/mattn/go-isatty v0.0.7/go.mod h1:Iq45c/XA43vh69/j3iqttzPXn0bhXyGjM0Hdxcsrc5s=
github.com/mattn/go-isatty v0.0.8/go.mod h1:Iq45c/XA43vh69/j3iqttzPXn0bhXyGjM0Hdxcsrc5s=
github.com/mattn/go-isatty v0.0.11 h1:FxPOTFNqGkuDUGi3H/qkUbQO4ZiBa2brKq5r0l8TGeM=
github.com/mattn/go-isatty v0.0.11/go.mod h1:PhnuNfih5lzO57/f3n+odYbM4JtupLOxQOAqxQCu2WE=
github.com/mattn/go-sqlite3 v1.9.0/go.mod h1:FPy6KqzDD04eiIsT53CuJW3U88zkxoIYsOqkbpncsNc=
github.com/modern-go/concurrent v0.0.0-20180306012644-bacd9c7ef1dd h1:TRLaZ9cD/w8PVh93nsPXa1VrQ6jlwL5oN8l14QlcNfg=
github.com/modern-go/concurrent v0.0.0-20180306012644-bacd9c7ef1dd/go.mod h1:6dJC0mAP4ikYIbvyc7fijjWJddQyLn8Ig3JB5CqoB9Q=
github.com/modern-go/reflect2 v1.0.1 h1:9f412s+6RmYXLWZSEzVVgPGK7C2PphHj5RJrvfx9AWI=
github.com/modern-go/reflect2 v1.0.1/go.mod h1:bx2lNnkwVCuqBIxFjflWJWanXIb3RllmbCylyMrvgv0=
github.com/patrickmn/go-cache v2.1.0+incompatible h1:HRMgzkcYKYpi3C8ajMPV8OFXaaRUnok+kx1WdO15EQc=
github.com/patrickmn/go-cache v2.1.0+incompatible/go.mod h1:3Qf8kWWT7OJRJbdiICTKqZju1ZixQ/KpMGzzAfe6+WQ=
github.com/pierrec/lz4 v2.0.5+incompatible/go.mod h1:pdkljMzZIN41W+lC3N2tnIh5sFi+IEE17M5jbnwPHcY=
github.com/pmezard/go-difflib v1.0.0/go.mod h1:iKH77koFhYxTK1pcRnkKkqfTogsbg7gZNVY4sRDYZ/4=
github.com/stretchr/objx v0.1.0/go.mod h1:HFkY916IF+rwdDfMAkV7OtwuqBVzrE8GR6GFx+wExME=
github.com/stretchr/testify v1.3.0/go.mod h1:M5WIy9Dh21IEIfnGCwXGc5bZfKNJtfHm1UVUgZn+9EI=
github.com/ugorji/go v1.1.4 h1:j4s+tAvLfL3bZyefP2SEWmhBzmuIlH/eqNuPdFPgngw=
github.com/ugorji/go v1.1.4/go.mod h1:uQMGLiO92mf5W77hV/PUCpI3pbzQx3CRekS0kk+RGrc=
golang.org/x/crypto v0.0.0-20190308221718-c2843e01d9a2/go.mod h1:djNgcEr1/C05ACkg1iLfiJU5Ep61QUkGW8qpdssI0+w=
golang.org/x/crypto v0.0.0-20190605123033-f99c8df09eb5 h1:58fnuSXlxZmFdJyvtTFVmVhcMLU6v5fEb/ok4wyqtNU=
golang.org/x/crypto v0.0.0-20190605123033-f99c8df09eb5/go.mod h1:yigFU9vqHzYiE8UmvKecakEJjdnWj3jj499lnFckfCI=
golang.org/x/net v0.0.0-20180724234803-3673e40ba225/go.mod h1:mL1N/T3taQHkDXs73rZJwtUhF3w3ftmwwsq0BUmARs4=
golang.org/x/net v0.0.0-20190108225652-1e06a53dbb7e/go.mod h1:mL1N/T3taQHkDXs73rZJwtUhF3w3ftmwwsq0BUmARs4=
golang.org/x/net v0.0.0-20190311183353-d8887717615a/go.mod h1:t9HGtf8HONx5eT2rtn7q6eTqICYqUVnKs3thJo3Qplg=
golang.org/x/net v0.0.0-20190404232315-eb5bcb51f2a3/go.mod h1:t9HGtf8HONx5eT2rtn7q6eTqICYqUVnKs3thJo3Qplg=
golang.org/x/net v0.0.0-20190503192946-f4e77d36d62c/go.mod h1:t9HGtf8HONx5eT2rtn7q6eTqICYqUVnKs3thJo3Qplg=
golang.org/x/net v0.0.0-20190603091049-60506f45cf65 h1:+rhAzEzT3f4JtomfC371qB+0Ola2caSKcY69NUBZrRQ=
golang.org/x/net v0.0.0-20190603091049-60506f45cf65/go.mod h1:HSz+uSET+XFnRR8LxR5pz3Of3rY3CfYBVs4xY44aLks=
golang.org/x/oauth2 v0.0.0-20180821212333-d2e6202438be/go.mod h1:N/0e6XlmueqKjAGxoOufVs8QHGRruUQn6yWY3a++T0U=
golang.org/x/oauth2 v0.0.0-20200107190931-bf48bf16ab8d h1:TzXSXBo42m9gQenoE3b9BGiEpg5IG2JkU5FkPIawgtw=
golang.org/x/oauth2 v0.0.0-20200107190931-bf48bf16ab8d/go.mod h1:gOpvHmFTYa4IltrdGE7lF6nIHvwfUNPOp7c8zoXwtLw=
golang.org/x/sync v0.0.0-20181221193216-37e7f081c4d4/go.mod h1:RxMgew5VJxzue5/jJTE5uejpjVlOe/izrB70Jof72aM=
golang.org/x/sync v0.0.0-20190423024810-112230192c58/go.mod h1:RxMgew5VJxzue5/jJTE5uejpjVlOe/izrB70Jof72aM=
golang.org/x/sys v0.0.0-20190215142949-d0b11bdaac8a/go.mod h1:STP8DvDyc/dI5b8T5hshtkjS+E42TnysNCUPdjciGhY=
golang.org/x/sys v0.0.0-20190222072716-a9d3bda3a223 h1:DH4skfRX4EBpamg7iV4ZlCpblAHI6s6TDM39bFZumv8=
golang.org/x/sys v0.0.0-20190222072716-a9d3bda3a223/go.mod h1:STP8DvDyc/dI5b8T5hshtkjS+E42TnysNCUPdjciGhY=
golang.org/x/sys v0.0.0-20190412213103-97732733099d/go.mod h1:h1NjWce9XRLGQEsW7wpKNCjG9DtNlClVuFLEZdDNbEs=
golang.org/x/sys v0.0.0-20190507160741-ecd444e8653b/go.mod h1:h1NjWce9XRLGQEsW7wpKNCjG9DtNlClVuFLEZdDNbEs=
golang.org/x/sys v0.0.0-20190606165138-5da285871e9c h1:+EXw7AwNOKzPFXMZ1yNjO40aWCh3PIquJB2fYlv9wcs=
golang.org/x/sys v0.0.0-20190606165138-5da285871e9c/go.mod h1:h1NjWce9XRLGQEsW7wpKNCjG9DtNlClVuFLEZdDNbEs=
golang.org/x/sys v0.0.0-20191026070338-33540a1f6037 h1:YyJpGZS1sBuBCzLAR1VEpK193GlqGZbnPFnPV/5Rsb4=
golang.org/x/sys v0.0.0-20191026070338-33540a1f6037/go.mod h1:h1NjWce9XRLGQEsW7wpKNCjG9DtNlClVuFLEZdDNbEs=
golang.org/x/text v0.3.0/go.mod h1:NqM8EUOU14njkJ3fqMW+pc6Ldnwhi/IjpwHt7yyuwOQ=
golang.org/x/text v0.3.2/go.mod h1:bEr9sfX3Q8Zfm5fL9x+3itogRgK3+ptLWKqgva+5dAk=
golang.org/x/tools v0.0.0-20180917221912-90fa682c2a6e/go.mod h1:n7NCudcB/nEzxVGmLbDWY5pfWTLqBcC2KZ6jyYvM4mQ=
golang.org/x/tools v0.0.0-20190606124116-d0a3d012864b/go.mod h1:/rFqwRUd4F7ZHNgwSSTFct+R/Kf4OFW1sUzUTQQTgfc=
google.golang.org/appengine v1.1.0/go.mod h1:EbEs0AVv82hx2wNQdGPgUI5lhzA/G0D9YwlJXL52JkM=
google.golang.org/appengine v1.4.0/go.mod h1:xpcJRLb0r/rnEns0DIKYYv+WjYCduHsrkT7/EB5XEv4=
google.golang.org/appengine v1.6.4 h1:WiKh4+/eMB2HaY7QhCfW/R7MuRAoA8QMCSJA6jP5/fo=
google.golang.org/appengine v1.6.4/go.mod h1:i06prIuMbXzDqacNJfV5OdTW448YApPu5ww/cMBSeb0=
gopkg.in/check.v1 v0.0.0-20161208181325-20d25e280405/go.mod h1:Co6ibVJAznAaIkqp8huTwlJQCZ016jof/cbN4VW5Yz0=
gopkg.in/check.v1 v1.0.0-20180628173108-788fd7840127/go.mod h1:Co6ibVJAznAaIkqp8huTwlJQCZ016jof/cbN4VW5Yz0=
gopkg.in/go-playground/assert.v1 v1.2.1/go.mod h1:9RXL0bg/zibRAgZUYszZSwO/z8Y/a8bDuhia5mkpMnE=
gopkg.in/go-playground/validator.v8 v8.18.2 h1:lFB4DoMU6B626w8ny76MV7VX6W2VHct2GVOI3xgiMrQ=
gopkg.in/go-playground/validator.v8 v8.18.2/go.mod h1:RX2a/7Ha8BgOhfk7j780h4/u/RRjR0eouCJSH80/M2Y=
gopkg.in/yaml.v2 v2.2.2 h1:ZCJp+EgiOT7lHqUV2J862kp8Qj64Jo6az82+3Td9dZw=
gopkg.in/yaml.v2 v2.2.2/go.mod h1:hI93XBmqTisBFMUTm0b8Fm+jr3Dg1NNxqwp+5A1VGuI=
